
Microsoft Visual Studio Solution File, Format Version 12.00
# Visual Studio 2013
VisualStudioVersion = 12.0.21005.1
MinimumVisualStudioVersion = 10.0.40219.1
Project("{FAE04EC0-301F-11D3-BF4B-00C04F79EFBC}") = "Mainpart", "ConsoleApplication2\Mainpart.csproj", "{6439699E-FA0A-4C06-B2D5-C052E4E25912}"
EndProject
Project("{FAE04EC0-301F-11D3-BF4B-00C04F79EFBC}") = "MYBITMAP", "ClassLibrary1\MYBITMAP.csproj", "{AE4C7B62-2D13-4D24-9301-F82FC2C60006}"
EndProject
Global
	GlobalSection(SolutionConfigurationPlatforms) = preSolution
		Debug|Any CPU = Debug|Any CPU
		Release|Any CPU = Release|Any CPU
	EndGlobalSection
	GlobalSection(ProjectConfigurationPlatforms) = postSolution
		{6439699E-FA0A-4C06-B2D5-C052E4E25912}.Debug|Any CPU.ActiveCfg = Debug|Any CPU
		{6439699E-FA0A-4C06-B2D5-C052E4E25912}.Debug|Any CPU.Build.0 = Debug|Any CPU
		{6439699E-FA0A-4C06-B2D5-C052E4E25912}.Release|Any CPU.ActiveCfg = Release|Any CPU
		{6439699E-FA0A-4C06-B2D5-C052E4E25912}.Release|Any CPU.Build.0 = Release|Any CPU
		{AE4C7B62-2D13-4D24-9301-F82FC2C60006}.Debug|Any CPU.ActiveCfg = Debug|Any CPU
		{AE4C7B62-2D13-4D24-9301-F82FC2C60006}.Debug|Any CPU.Build.0 = Debug|Any CPU
		{AE4C7B62-2D13-4D24-9301-F82FC2C60006}.Release|Any CPU.ActiveCfg = Release|Any CPU
		{AE4C7B62-2D13-4D24-9301-F82FC2C60006}.Release|Any CPU.Build.0 = Release|Any CPU
	EndGlobalSection
	GlobalSection(SolutionProperties) = preSolution
		HideSolutionNode = FALSE
	EndGlobalSection
EndGlobal
